
Microsoft Visual Studio Solution File, Format Version 12.00
# Visual Studio 2013
VisualStudioVersion = 12.0.40629.0
MinimumVisualStudioVersion = 10.0.40219.1
Project("{FAE04EC0-301F-11D3-BF4B-00C04F79EFBC}") = "MagicMapperData", "MagicMapperData\MagicMapperData.csproj", "{A2939C5A-27B8-41E6-91A2-C5A6C44B577B}"
EndProject
Project("{FAE04EC0-301F-11D3-BF4B-00C04F79EFBC}") = "MagicMapper.Tests", "MagicMapper.Tests\MagicMapper.Tests.csproj", "{7B402D1B-FCB8-4509-9973-B3C79E77B698}"
EndProject
Global
	GlobalSection(SolutionConfigurationPlatforms) = preSolution
		Debug|Any CPU = Debug|Any CPU
		Release|Any CPU = Release|Any CPU
	EndGlobalSection
	GlobalSection(ProjectConfigurationPlatforms) = postSolution
		{A2939C5A-27B8-41E6-91A2-C5A6C44B577B}.Debug|Any CPU.ActiveCfg = Debug|Any CPU
		{A2939C5A-27B8-41E6-91A2-C5A6C44B577B}.Debug|Any CPU.Build.0 = Debug|Any CPU
		{A2939C5A-27B8-41E6-91A2-C5A6C44B577B}.Release|Any CPU.ActiveCfg = Release|Any CPU
		{A2939C5A-27B8-41E6-91A2-C5A6C44B577B}.Release|Any CPU.Build.0 = Release|Any CPU
		{7B402D1B-FCB8-4509-9973-B3C79E77B698}.Debug|Any CPU.ActiveCfg = Debug|Any CPU
		{7B402D1B-FCB8-4509-9973-B3C79E77B698}.Debug|Any CPU.Build.0 = Debug|Any CPU
		{7B402D1B-FCB8-4509-9973-B3C79E77B698}.Release|Any CPU.ActiveCfg = Release|Any CPU
		{7B402D1B-FCB8-4509-9973-B3C79E77B698}.Release|Any CPU.Build.0 = Release|Any CPU
	EndGlobalSection
	GlobalSection(SolutionProperties) = preSolution
		HideSolutionNode = FALSE
	EndGlobalSection
EndGlobal
